
Microsoft Visual Studio Solution File, Format Version 12.00
# Visual Studio 2012
Project("{FAE04EC0-301F-11D3-BF4B-00C04F79EFBC}") = "PENGURANGAN_OCTAL", "PENGURANGAN_OCTAL\PENGURANGAN_OCTAL.csproj", "{1ECA9A87-1A7E-4DD6-829F-9684FDE7D5FF}"
EndProject
Global
	GlobalSection(SolutionConfigurationPlatforms) = preSolution
		Debug|Any CPU = Debug|Any CPU
		Release|Any CPU = Release|Any CPU
	EndGlobalSection
	GlobalSection(ProjectConfigurationPlatforms) = postSolution
		{1ECA9A87-1A7E-4DD6-829F-9684FDE7D5FF}.Debug|Any CPU.ActiveCfg = Debug|Any CPU
		{1ECA9A87-1A7E-4DD6-829F-9684FDE7D5FF}.Debug|Any CPU.Build.0 = Debug|Any CPU
		{1ECA9A87-1A7E-4DD6-829F-9684FDE7D5FF}.Release|Any CPU.ActiveCfg = Release|Any CPU
		{1ECA9A87-1A7E-4DD6-829F-9684FDE7D5FF}.Release|Any CPU.Build.0 = Release|Any CPU
	EndGlobalSection
	GlobalSection(SolutionProperties) = preSolution
		HideSolutionNode = FALSE
	EndGlobalSection
EndGlobal
